// !$*UTF8*$!
{
	archiveVersion = 1;
	classes = {
	};
	objectVersion = 50;
	objects = {

/* Begin PBXBuildFile section */
		04F51E352628628F00752792 /* AppDelegate.swift in Sources */ = {isa = PBXBuildFile; fileRef = 04F51E342628628F00752792 /* AppDelegate.swift */; };
		04F51E372628628F00752792 /* SceneDelegate.swift in Sources */ = {isa = PBXBuildFile; fileRef = 04F51E362628628F00752792 /* SceneDelegate.swift */; };
		04F51E3C2628628F00752792 /* Main.storyboard in Resources */ = {isa = PBXBuildFile; fileRef = 04F51E3A2628628F00752792 /* Main.storyboard */; };
		04F51E3E2628629200752792 /* Assets.xcassets in Resources */ = {isa = PBXBuildFile; fileRef = 04F51E3D2628629200752792 /* Assets.xcassets */; };
		04F51E412628629200752792 /* LaunchScreen.storyboard in Resources */ = {isa = PBXBuildFile; fileRef = 04F51E3F2628629200752792 /* LaunchScreen.storyboard */; };
		04F51E4E26288D2D00752792 /* MainViewController.swift in Sources */ = {isa = PBXBuildFile; fileRef = 04F51E4D26288D2D00752792 /* MainViewController.swift */; };
		04F51E502628CC7300752792 /* CustomUIButtonView.swift in Sources */ = {isa = PBXBuildFile; fileRef = 04F51E4F2628CC7300752792 /* CustomUIButtonView.swift */; };
		04F51E522628D0B100752792 /* LineAndColor.swift in Sources */ = {isa = PBXBuildFile; fileRef = 04F51E512628D0B100752792 /* LineAndColor.swift */; };
		04F51E542628D1A100752792 /* CanvasView.swift in Sources */ = {isa = PBXBuildFile; fileRef = 04F51E532628D1A100752792 /* CanvasView.swift */; };
/* End PBXBuildFile section */

/* Begin PBXFileReference section */
		04F51E312628628F00752792 /* DrawingApp.app */ = {isa = PBXFileReference; explicitFileType = wrapper.application; includeInIndex = 0; path = DrawingApp.app; sourceTree = BUILT_PRODUCTS_DIR; };
		04F51E342628628F00752792 /* AppDelegate.swift */ = {isa = PBXFileReference; lastKnownFileType = sourcecode.swift; path = AppDelegate.swift; sourceTree = "<group>"; };
		04F51E362628628F00752792 /* SceneDelegate.swift */ = {isa = PBXFileReference; lastKnownFileType = sourcecode.swift; path = SceneDelegate.swift; sourceTree = "<group>"; };
		04F51E3B2628628F00752792 /* Base */ = {isa = PBXFileReference; lastKnownFileType = file.storyboard; name = Base; path = Base.lproj/Main.storyboard; sourceTree = "<group>"; };
		04F51E3D2628629200752792 /* Assets.xcassets */ = {isa = PBXFileReference; lastKnownFileType = folder.assetcatalog; path = Assets.xcassets; sourceTree = "<group>"; };
		04F51E402628629200752792 /* Base */ = {isa = PBXFileReference; lastKnownFileType = file.storyboard; name = Base; path = Base.lproj/LaunchScreen.storyboard; sourceTree = "<group>"; };
		04F51E422628629200752792 /* Info.plist */ = {isa = PBXFileReference; lastKnownFileType = text.plist.xml; path = Info.plist; sourceTree = "<group>"; };
		04F51E4D26288D2D00752792 /* MainViewController.swift */ = {isa = PBXFileReference; lastKnownFileType = sourcecode.swift; path = MainViewController.swift; sourceTree = "<group>"; };
		04F51E4F2628CC7300752792 /* CustomUIButtonView.swift */ = {isa = PBXFileReference; lastKnownFileType = sourcecode.swift; path = CustomUIButtonView.swift; sourceTree = "<group>"; };
		04F51E512628D0B100752792 /* LineAndColor.swift */ = {isa = PBXFileReference; lastKnownFileType = sourcecode.swift; path = LineAndColor.swift; sourceTree = "<group>"; };
		04F51E532628D1A100752792 /* CanvasView.swift */ = {isa = PBXFileReference; lastKnownFileType = sourcecode.swift; path = CanvasView.swift; sourceTree = "<group>"; };
/* End PBXFileReference section */

/* Begin PBXFrameworksBuildPhase section */
		04F51E2E2628628F00752792 /* Frameworks */ = {
			isa = PBXFrameworksBuildPhase;
			buildActionMask = 2147483647;
			files = (
			);
			runOnlyForDeploymentPostprocessing = 0;
		};
/* End PBXFrameworksBuildPhase section */

/* Begin PBXGroup section */
		04F51E282628628F00752792 = {
			isa = PBXGroup;
			children = (
				04F51E332628628F00752792 /* DrawingApp */,
				04F51E322628628F00752792 /* Products */,
			);
			sourceTree = "<group>";
		};
		04F51E322628628F00752792 /* Products */ = {
			isa = PBXGroup;
			children = (
				04F51E312628628F00752792 /* DrawingApp.app */,
			);
			name = Products;
			sourceTree = "<group>";
		};
		04F51E332628628F00752792 /* DrawingApp */ = {
			isa = PBXGroup;
			children = (
				04F51E4B26288CE200752792 /* View */,
				04F51E4A26288CD000752792 /* Model */,
				04F51E4C26288CE700752792 /* Controller */,
				04F51E342628628F00752792 /* AppDelegate.swift */,
				04F51E362628628F00752792 /* SceneDelegate.swift */,
				04F51E3A2628628F00752792 /* Main.storyboard */,
				04F51E3D2628629200752792 /* Assets.xcassets */,
				04F51E3F2628629200752792 /* LaunchScreen.storyboard */,
				04F51E422628629200752792 /* Info.plist */,
			);
			path = DrawingApp;
			sourceTree = "<group>";
		};
		04F51E4A26288CD000752792 /* Model */ = {
			isa = PBXGroup;
			children = (
				04F51E512628D0B100752792 /* LineAndColor.swift */,
			);
			path = Model;
			sourceTree = "<group>";
		};
		04F51E4B26288CE200752792 /* View */ = {
			isa = PBXGroup;
			children = (
				04F51E4F2628CC7300752792 /* CustomUIButtonView.swift */,
				04F51E532628D1A100752792 /* CanvasView.swift */,
			);
			path = View;
			sourceTree = "<group>";
		};
		04F51E4C26288CE700752792 /* Controller */ = {
			isa = PBXGroup;
			children = (
				04F51E4D26288D2D00752792 /* MainViewController.swift */,
			);
			path = Controller;
			sourceTree = "<group>";
		};
/* End PBXGroup section */

/* Begin PBXNativeTarget section */
		04F51E302628628F00752792 /* DrawingApp */ = {
			isa = PBXNativeTarget;
			buildConfigurationList = 04F51E452628629200752792 /* Build configuration list for PBXNativeTarget "DrawingApp" */;
			buildPhases = (
				04F51E2D2628628F00752792 /* Sources */,
				04F51E2E2628628F00752792 /* Frameworks */,
				04F51E2F2628628F00752792 /* Resources */,
			);
			buildRules = (
			);
			dependencies = (
			);
			name = DrawingApp;
			productName = DrawingApp;
			productReference = 04F51E312628628F00752792 /* DrawingApp.app */;
			productType = "com.apple.product-type.application";
		};
/* End PBXNativeTarget section */

/* Begin PBXProject section */
		04F51E292628628F00752792 /* Project object */ = {
			isa = PBXProject;
			attributes = {
				LastSwiftUpdateCheck = 1150;
				LastUpgradeCheck = 1150;
				ORGANIZATIONNAME = Sanchita;
				TargetAttributes = {
					04F51E302628628F00752792 = {
						CreatedOnToolsVersion = 11.5;
					};
				};
			};
			buildConfigurationList = 04F51E2C2628628F00752792 /* Build configuration list for PBXProject "DrawingApp" */;
			compatibilityVersion = "Xcode 9.3";
			developmentRegion = en;
			hasScannedForEncodings = 0;
			knownRegions = (
				en,
				Base,
			);
			mainGroup = 04F51E282628628F00752792;
			productRefGroup = 04F51E322628628F00752792 /* Products */;
			projectDirPath = "";
			projectRoot = "";
			targets = (
				04F51E302628628F00752792 /* DrawingApp */,
			);
		};
/* End PBXProject section */

/* Begin PBXResourcesBuildPhase section */
		04F51E2F2628628F00752792 /* Resources */ = {
			isa = PBXResourcesBuildPhase;
			buildActionMask = 2147483647;
			files = (
				04F51E412628629200752792 /* LaunchScreen.storyboard in Resources */,
				04F51E3E2628629200752792 /* Assets.xcassets in Resources */,
				04F51E3C2628628F00752792 /* Main.storyboard in Resources */,
			);
			runOnlyForDeploymentPostprocessing = 0;
		};
/* End PBXResourcesBuildPhase section */

/* Begin PBXSourcesBuildPhase section */
		04F51E2D2628628F00752792 /* Sources */ = {
			isa = PBXSourcesBuildPhase;
			buildActionMask = 2147483647;
			files = (
				04F51E4E26288D2D00752792 /* MainViewController.swift in Sources */,
				04F51E352628628F00752792 /* AppDelegate.swift in Sources */,
				04F51E542628D1A100752792 /* CanvasView.swift in Sources */,
				04F51E522628D0B100752792 /* LineAndColor.swift in Sources */,
				04F51E372628628F00752792 /* SceneDelegate.swift in Sources */,
				04F51E502628CC7300752792 /* CustomUIButtonView.swift in Sources */,
			);
			runOnlyForDeploymentPostprocessing = 0;
		};
/* End PBXSourcesBuildPhase section */

/* Begin PBXVariantGroup section */
		04F51E3A2628628F00752792 /* Main.storyboard */ = {
			isa = PBXVariantGroup;
			children = (
				04F51E3B2628628F00752792 /* Base */,
			);
			name = Main.storyboard;
			sourceTree = "<group>";
		};
		04F51E3F2628629200752792 /* LaunchScreen.storyboard */ = {
			isa = PBXVariantGroup;
			children = (
				04F51E402628629200752792 /* Base */,
			);
			name = LaunchScreen.storyboard;
			sourceTree = "<group>";
		};
/* End PBXVariantGroup section */

/* Begin XCBuildConfiguration section */
		04F51E432628629200752792 /* Debug */ = {
			isa = XCBuildConfiguration;
			buildSettings = {
				ALWAYS_SEARCH_USER_PATHS = NO;
				CLANG_ANALYZER_NONNULL = YES;
				CLANG_ANALYZER_NUMBER_OBJECT_CONVERSION = YES_AGGRESSIVE;
				CLANG_CXX_LANGUAGE_STANDARD = "gnu++14";
				CLANG_CXX_LIBRARY = "libc++";
				CLANG_ENABLE_MODULES = YES;
				CLANG_ENABLE_OBJC_ARC = YES;
				CLANG_ENABLE_OBJC_WEAK = YES;
				CLANG_WARN_BLOCK_CAPTURE_AUTORELEASING = YES;
				CLANG_WARN_BOOL_CONVERSION = YES;
				CLANG_WARN_COMMA = YES;
				CLANG_WARN_CONSTANT_CONVERSION = YES;
				CLANG_WARN_DEPRECATED_OBJC_IMPLEMENTATIONS = YES;
				CLANG_WARN_DIRECT_OBJC_ISA_USAGE = YES_ERROR;
				CLANG_WARN_DOCUMENTATION_COMMENTS = YES;
				CLANG_WARN_EMPTY_BODY = YES;
				CLANG_WARN_ENUM_CONVERSION = YES;
				CLANG_WARN_INFINITE_RECURSION = YES;
				CLANG_WARN_INT_CONVERSION = YES;
				CLANG_WARN_NON_LITERAL_NULL_CONVERSION = YES;
				CLANG_WARN_OBJC_IMPLICIT_RETAIN_SELF = YES;
				CLANG_WARN_OBJC_LITERAL_CONVERSION = YES;
				CLANG_WARN_OBJC_ROOT_CLASS = YES_ERROR;
				CLANG_WARN_RANGE_LOOP_ANALYSIS = YES;
				CLANG_WARN_STRICT_PROTOTYPES = YES;
				CLANG_WARN_SUSPICIOUS_MOVE = YES;
				CLANG_WARN_UNGUARDED_AVAILABILITY = YES_AGGRESSIVE;
				CLANG_WARN_UNREACHABLE_CODE = YES;
				CLANG_WARN__DUPLICATE_METHOD_MATCH = YES;
				COPY_PHASE_STRIP = NO;
				DEBUG_INFORMATION_FORMAT = dwarf;
				ENABLE_STRICT_OBJC_MSGSEND = YES;
				ENABLE_TESTABILITY = YES;
				GCC_C_LANGUAGE_STANDARD = gnu11;
				GCC_DYNAMIC_NO_PIC = NO;
				GCC_NO_COMMON_BLOCKS = YES;
				GCC_OPTIMIZATION_LEVEL = 0;
				GCC_PREPROCESSOR_DEFINITIONS = (
					"DEBUG=1",
					"$(inherited)",
				);
				GCC_WARN_64_TO_32_BIT_CONVERSION = YES;
				GCC_WARN_ABOUT_RETURN_TYPE = YES_ERROR;
				GCC_WARN_UNDECLARED_SELECTOR = YES;
				GCC_WARN_UNINITIALIZED_AUTOS = YES_AGGRESSIVE;
				GCC_WARN_UNUSED_FUNCTION = YES;
				GCC_WARN_UNUSED_VARIABLE = YES;
				IPHONEOS_DEPLOYMENT_TARGET = 13.5;
				MTL_ENABLE_DEBUG_INFO = INCLUDE_SOURCE;
				MTL_FAST_MATH = YES;
				ONLY_ACTIVE_ARCH = YES;
				SDKROOT = iphoneos;
				SWIFT_ACTIVE_COMPILATION_CONDITIONS = DEBUG;
				SWIFT_OPTIMIZATION_LEVEL = "-Onone";
			};
			name = Debug;
		};
		04F51E442628629200752792 /* Release */ = {
			isa = XCBuildConfiguration;
			buildSettings = {
				ALWAYS_SEARCH_USER_PATHS = NO;
				CLANG_ANALYZER_NONNULL = YES;
				CLANG_ANALYZER_NUMBER_OBJECT_CONVERSION = YES_AGGRESSIVE;
				CLANG_CXX_LANGUAGE_STANDARD = "gnu++14";
				CLANG_CXX_LIBRARY = "libc++";
				CLANG_ENABLE_MODULES = YES;
				CLANG_ENABLE_OBJC_ARC = YES;
				CLANG_ENABLE_OBJC_WEAK = YES;
				CLANG_WARN_BLOCK_CAPTURE_AUTORELEASING = YES;
				CLANG_WARN_BOOL_CONVERSION = YES;
				CLANG_WARN_COMMA = YES;
				CLANG_WARN_CONSTANT_CONVERSION = YES;
				CLANG_WARN_DEPRECATED_OBJC_IMPLEMENTATIONS = YES;
				CLANG_WARN_DIRECT_OBJC_ISA_USAGE = YES_ERROR;
				CLANG_WARN_DOCUMENTATION_COMMENTS = YES;
				CLANG_WARN_EMPTY_BODY = YES;
				CLANG_WARN_ENUM_CONVERSION = YES;
				CLANG_WARN_INFINITE_RECURSION = YES;
				CLANG_WARN_INT_CONVERSION = YES;
				CLANG_WARN_NON_LITERAL_NULL_CONVERSION = YES;
				CLANG_WARN_OBJC_IMPLICIT_RETAIN_SELF = YES;
				CLANG_WARN_OBJC_LITERAL_CONVERSION = YES;
				CLANG_WARN_OBJC_ROOT_CLASS = YES_ERROR;
				CLANG_WARN_RANGE_LOOP_ANALYSIS = YES;
				CLANG_WARN_STRICT_PROTOTYPES = YES;
				CLANG_WARN_SUSPICIOUS_MOVE = YES;
				CLANG_WARN_UNGUARDED_AVAILABILITY = YES_AGGRESSIVE;
				CLANG_WARN_UNREACHABLE_CODE = YES;
				CLANG_WARN__DUPLICATE_METHOD_MATCH = YES;
				COPY_PHASE_STRIP = NO;
				DEBUG_INFORMATION_FORMAT = "dwarf-with-dsym";
				ENABLE_NS_ASSERTIONS = NO;
				ENABLE_STRICT_OBJC_MSGSEND = YES;
				GCC_C_LANGUAGE_STANDARD = gnu11;
				GCC_NO_COMMON_BLOCKS = YES;
				GCC_WARN_64_TO_32_BIT_CONVERSION = YES;
				GCC_WARN_ABOUT_RETURN_TYPE = YES_ERROR;
				GCC_WARN_UNDECLARED_SELECTOR = YES;
				GCC_WARN_UNINITIALIZED_AUTOS = YES_AGGRESSIVE;
				GCC_WARN_UNUSED_FUNCTION = YES;
				GCC_WARN_UNUSED_VARIABLE = YES;
				IPHONEOS_DEPLOYMENT_TARGET = 13.5;
				MTL_ENABLE_DEBUG_INFO = NO;
				MTL_FAST_MATH = YES;
				SDKROOT = iphoneos;
				SWIFT_COMPILATION_MODE = wholemodule;
				SWIFT_OPTIMIZATION_LEVEL = "-O";
				VALIDATE_PRODUCT = YES;
			};
			name = Release;
		};
		04F51E462628629200752792 /* Debug */ = {
			isa = XCBuildConfiguration;
			buildSettings = {
				ASSETCATALOG_COMPILER_APPICON_NAME = AppIcon;
				CODE_SIGN_STYLE = Automatic;
				INFOPLIST_FILE = DrawingApp/Info.plist;
				LD_RUNPATH_SEARCH_PATHS = (
					"$(inherited)",
					"@executable_path/Frameworks",
				);
				PRODUCT_BUNDLE_IDENTIFIER = Sanchita.DrawingApp;
				PRODUCT_NAME = "$(TARGET_NAME)";
				SWIFT_VERSION = 5.0;
				TARGETED_DEVICE_FAMILY = "1,2";
			};
			name = Debug;
		};
		04F51E472628629200752792 /* Release */ = {
			isa = XCBuildConfiguration;
			buildSettings = {
				ASSETCATALOG_COMPILER_APPICON_NAME = AppIcon;
				CODE_SIGN_STYLE = Automatic;
				INFOPLIST_FILE = DrawingApp/Info.plist;
				LD_RUNPATH_SEARCH_PATHS = (
					"$(inherited)",
					"@executable_path/Frameworks",
				);
				PRODUCT_BUNDLE_IDENTIFIER = Sanchita.DrawingApp;
				PRODUCT_NAME = "$(TARGET_NAME)";
				SWIFT_VERSION = 5.0;
				TARGETED_DEVICE_FAMILY = "1,2";
			};
			name = Release;
		};
/* End XCBuildConfiguration section */

/* Begin XCConfigurationList section */
		04F51E2C2628628F00752792 /* Build configuration list for PBXProject "DrawingApp" */ = {
			isa = XCConfigurationList;
			buildConfigurations = (
				04F51E432628629200752792 /* Debug */,
				04F51E442628629200752792 /* Release */,
			);
			defaultConfigurationIsVisible = 0;
			defaultConfigurationName = Release;
		};
		04F51E452628629200752792 /* Build configuration list for PBXNativeTarget "DrawingApp" */ = {
			isa = XCConfigurationList;
			buildConfigurations = (
				04F51E462628629200752792 /* Debug */,
				04F51E472628629200752792 /* Release */,
			);
			defaultConfigurationIsVisible = 0;
			defaultConfigurationName = Release;
		};
/* End XCConfigurationList section */
	};
	rootObject = 04F51E292628628F00752792 /* Project object */;
}
